
Microsoft Visual Studio Solution File, Format Version 12.00
# Visual Studio Version 17
VisualStudioVersion = 17.13.35931.197 d17.13
MinimumVisualStudioVersion = 10.0.40219.1
Project("{FAE04EC0-301F-11D3-BF4B-00C04F79EFBC}") = "Api", "Api\Api.csproj", "{FE0227EE-1DFD-4E36-86B3-4E77887CC426}"
EndProject
Project("{FAE04EC0-301F-11D3-BF4B-00C04F79EFBC}") = "Domain", "Domain\Domain.csproj", "{F4E71CF1-E446-40CC-8884-896923BD2793}"
EndProject
Project("{FAE04EC0-301F-11D3-BF4B-00C04F79EFBC}") = "Application", "Application\Application.csproj", "{B0B2D030-DE72-49BA-BFB2-1CA6E28C3A8B}"
EndProject
Project("{FAE04EC0-301F-11D3-BF4B-00C04F79EFBC}") = "Infrastructure", "Infrastructure\Infrastructure.csproj", "{EF3D4AD7-C3EB-4039-B6F7-45AC311A9428}"
EndProject
Global
	GlobalSection(SolutionConfigurationPlatforms) = preSolution
		Debug|Any CPU = Debug|Any CPU
		Release|Any CPU = Release|Any CPU
	EndGlobalSection
	GlobalSection(ProjectConfigurationPlatforms) = postSolution
		{FE0227EE-1DFD-4E36-86B3-4E77887CC426}.Debug|Any CPU.ActiveCfg = Debug|Any CPU
		{FE0227EE-1DFD-4E36-86B3-4E77887CC426}.Debug|Any CPU.Build.0 = Debug|Any CPU
		{FE0227EE-1DFD-4E36-86B3-4E77887CC426}.Release|Any CPU.ActiveCfg = Release|Any CPU
		{FE0227EE-1DFD-4E36-86B3-4E77887CC426}.Release|Any CPU.Build.0 = Release|Any CPU
		{F4E71CF1-E446-40CC-8884-896923BD2793}.Debug|Any CPU.ActiveCfg = Debug|Any CPU
		{F4E71CF1-E446-40CC-8884-896923BD2793}.Debug|Any CPU.Build.0 = Debug|Any CPU
		{F4E71CF1-E446-40CC-8884-896923BD2793}.Release|Any CPU.ActiveCfg = Release|Any CPU
		{F4E71CF1-E446-40CC-8884-896923BD2793}.Release|Any CPU.Build.0 = Release|Any CPU
		{B0B2D030-DE72-49BA-BFB2-1CA6E28C3A8B}.Debug|Any CPU.ActiveCfg = Debug|Any CPU
		{B0B2D030-DE72-49BA-BFB2-1CA6E28C3A8B}.Debug|Any CPU.Build.0 = Debug|Any CPU
		{B0B2D030-DE72-49BA-BFB2-1CA6E28C3A8B}.Release|Any CPU.ActiveCfg = Release|Any CPU
		{B0B2D030-DE72-49BA-BFB2-1CA6E28C3A8B}.Release|Any CPU.Build.0 = Release|Any CPU
		{EF3D4AD7-C3EB-4039-B6F7-45AC311A9428}.Debug|Any CPU.ActiveCfg = Debug|Any CPU
		{EF3D4AD7-C3EB-4039-B6F7-45AC311A9428}.Debug|Any CPU.Build.0 = Debug|Any CPU
		{EF3D4AD7-C3EB-4039-B6F7-45AC311A9428}.Release|Any CPU.ActiveCfg = Release|Any CPU
		{EF3D4AD7-C3EB-4039-B6F7-45AC311A9428}.Release|Any CPU.Build.0 = Release|Any CPU
	EndGlobalSection
	GlobalSection(SolutionProperties) = preSolution
		HideSolutionNode = FALSE
	EndGlobalSection
	GlobalSection(ExtensibilityGlobals) = postSolution
		SolutionGuid = {AB7A8291-E41B-4596-ABA8-D308EB0E1247}
	EndGlobalSection
EndGlobal
